
Microsoft Visual Studio Solution File, Format Version 12.00
# Visual Studio Express 15 for Windows Desktop
VisualStudioVersion = 15.0.34729.27
MinimumVisualStudioVersion = 10.0.40219.1
Project("{FAE04EC0-301F-11D3-BF4B-00C04F79EFBC}") = "ModbusMaster", "ModbusMaster.csproj", "{5D65F381-9840-41A8-8483-F36229E549EA}"
EndProject
Global
	GlobalSection(SolutionConfigurationPlatforms) = preSolution
		Debug|Any CPU = Debug|Any CPU
		Release|Any CPU = Release|Any CPU
	EndGlobalSection
	GlobalSection(ProjectConfigurationPlatforms) = postSolution
		{5D65F381-9840-41A8-8483-F36229E549EA}.Debug|Any CPU.ActiveCfg = Debug|Any CPU
		{5D65F381-9840-41A8-8483-F36229E549EA}.Debug|Any CPU.Build.0 = Debug|Any CPU
		{5D65F381-9840-41A8-8483-F36229E549EA}.Release|Any CPU.ActiveCfg = Release|Any CPU
		{5D65F381-9840-41A8-8483-F36229E549EA}.Release|Any CPU.Build.0 = Release|Any CPU
	EndGlobalSection
	GlobalSection(SolutionProperties) = preSolution
		HideSolutionNode = FALSE
	EndGlobalSection
	GlobalSection(ExtensibilityGlobals) = postSolution
		SolutionGuid = {0D1C77A3-F873-415F-B994-D005E69ADC53}
	EndGlobalSection
EndGlobal
